github.com/alecthomas/assert/v2 v2.11.0 h1:2Q9r3ki8+JYXvGsDyBXwH3LcJ+WK5D0gc5E8vS6K3D0=
github.com/alecthomas/assert/v2 v2.11.0/go.mod h1:Bze95FyfUr7x34QZrjL+XP+0qgp/zg8yS+TtBj1WA3k=
github.com/alecthomas/kong v1.13.0 h1:5e/7XC3ugvhP1DQBmTS+WuHtCbcv44hsohMgcvVxSrA=
github.com/alecthomas/kong v1.13.0/go.mod h1:wrlbXem1CWqUV5Vbmss5ISYhsVPkBb1Yo7YKJghju2I=
github.com/alecthomas/repr v0.5.2 h1:SU73FTI9D1P5UNtvseffFSGmdNci/O6RsqzeXJtP0Qs=
github.com/alecthomas/repr v0.5.2/go.mod h1:Fr0507jx4eOXV7AlPV6AVZLYrLIuIeSOWtW57eE/O/4=
github.com/aws/aws-sdk-go-v2 v1.41.0 h1:tNvqh1s+v0vFYdA1xq0aOJH+Y5cRyZ5upu6roPgPKd4=
github.com/aws/aws-sdk-go-v2 v1.41.0/go.mod h1:MayyLB8y+buD9hZqkCW3kX1AKq07Y5pXxtgB+rRFhz0=
github.com/aws/aws-sdk-go-v2/credentials v1.19.3 h1:01Ym72hK43hjwDeJUfi1l2oYLXBAOR8gNSZNmXmvuas=
github.com/aws/aws-sdk-go-v2/credentials v1.19.3/go.mod h1:55nWF/Sr9Zvls0bGnWkRxUdhzKqj9uRNlPvgV1vgxKc=
github.com/aws/smithy-go v1.24.0 h1:LpilSUItNPFr1eY85RYgTIg5eIEPtvFbskaFcmmIUnk=
github.com/aws/smithy-go v1.24.0/go.mod h1:LEj2LM3rBRQJxPZTB4KuzZkaZYnZPnvgIhb4pu07mx0=
github.com/davecgh/go-spew v1.1.1 h1:vj9j/u1bqnvCEfJOwUhtlOARqs3+rkHYY13jYWTU97c=
github.com/davecgh/go-spew v1.1.1/go.mod h1:J7Y8YcW2NihsgmVo/mv3lAwl/skON4iLHjSsI+c5H38=
github.com/debugging-sucks/clock v1.1.5 h1:jxiHI1vioTEPqZ4od9eGiOmHAsH1LbFPJC56oT6BwMM=
github.com/debugging-sucks/clock v1.1.5/go.mod h1:1IOSb/OONPLaReA0GmQ1+7o28VnNwhrnXOK0qLum6fk=
github.com/debugging-sucks/concurrency v1.0.4 h1:wPNqu9k+KkoPHH/aqkkzYbVJeyPIaPnVIay+AKad3g4=
github.com/debugging-sucks/concurrency v1.0.4/go.mod h1:+ZDUxMe+5ThV9Kyx8jr41cA7ng1UX2J4FP9lczqABOk=
github.com/debugging-sucks/ecies v1.0.4 h1:W5As8TJOcFAHQk/QA/gD+fThpaoVMRvWiEuz6AYNTp0=
github.com/debugging-sucks/ecies v1.0.4/go.mod h1:1fwJ0Jk3CorZPiGg8mLZ1VfPhl2PLQPDetyNTRExBvo=
github.com/debugging-sucks/event-horizon-sdk-go v1.0.322 h1:fNntY1546/iAW0YotunOHvvW2jcMgurHObSEhF+htdg=
github.com/debugging-sucks/event-horizon-sdk-go v1.0.322/go.mod h1:Q0ejKvTUGXo/Cmu4VLI2IItX8oLGq1ddBXctGIV9vYg=
github.com/debugging-sucks/openid v1.0.8 h1:5DZpdCw7t6KL9ajcgZY2jlY5HH437Cg1NdK3n8bAKO0=
github.com/debugging-sucks/openid v1.0.8/go.mod h1:cWmDcK9sILNNlGv9x+2e4ZRteyIVgtpPZgJ75HYeBPM=
github.com/debugging-sucks/sigv4util v1.0.5 h1:ngrp2XYwGSx8r8cfGnQezprDpRjfOi2CkAUmEpNxCbk=
github.com/debugging-sucks/sigv4util v1.0.5/go.mod h1:bQ5L9WKwfbBBSEqdeuBP1tUV1kADtpyfVMIEKH7EKJI=
github.com/google/uuid v1.6.0 h1:NIvaJDMOsjHA8n1jAhLSgzrAzy1Hgr+hNrb57e+94F0=
github.com/google/uuid v1.6.0/go.mod h1:TIyPZe4MgqvfeYDBFedMoGGpEw/LqOeaOT+nhxU+yHo=
github.com/hexops/gotextdiff v1.0.3 h1:gitA9+qJrrTCsiCl7+kh75nPqQt1cx4ZkudSTLoUqJM=
github.com/hexops/gotextdiff v1.0.3/go.mod h1:pSWU5MAI3yDq+fZBTazCSJysOMbxWL1BSow5/V2vxeg=
github.com/pmezard/go-difflib v1.0.0 h1:4DBwDE0NGyQoBHbLQYPwSUPoCMWR5BEzIk/f1lZbAQM=
github.com/pmezard/go-difflib v1.0.0/go.mod h1:iKH77koFhYxTK1pcRnkKkqfTogsbg7gZNVY4sRDYZ/4=
github.com/scottwis/persistent v1.0.8 h1:mhZkXWZYdtqcpJBjPBeaOspu/x8l7xztd4smL5jQSMk=
github.com/scottwis/persistent v1.0.8/go.mod h1:S1v17Lc5YodhzutH0cunI/Qj4som06Rap8EkE0aO2bE=
github.com/stretchr/testify v1.11.1 h1:7s2iGBzp5EwR7/aIZr8ao5+dra3wiQyKjjFuvgVKu7U=
github.com/stretchr/testify v1.11.1/go.mod h1:wZwfW3scLgRK+23gO65QZefKpKQRnfz6sD981Nm4B6U=
golang.org/x/exp v0.0.0-20251209150349-8475f28825e9 h1:MDfG8Cvcqlt9XXrmEiD4epKn7VJHZO84hejP9Jmp0MM=
golang.org/x/exp v0.0.0-20251209150349-8475f28825e9/go.mod h1:EPRbTFwzwjXj9NpYyyrvenVh9Y+GFeEvMNh7Xuz7xgU=
gopkg.in/check.v1 v0.0.0-20161208181325-20d25e280405 h1:yhCVgyC4o1eVCa2tZl7eS0r+SDo693bJlVdllGtEeKM=
gopkg.in/check.v1 v0.0.0-20161208181325-20d25e280405/go.mod h1:Co6ibVJAznAaIkqp8huTwlJQCZ016jof/cbN4VW5Yz0=
gopkg.in/yaml.v3 v3.0.1 h1:fxVm/GzAzEWqLHuvctI91KS9hhNmmWOoWu0XTYJS7CA=
gopkg.in/yaml.v3 v3.0.1/go.mod h1:K4uyk7z7BCEPqu6E+C64Yfv1cQ7kz7rIZviUmN+EgEM=
